
Microsoft Visual Studio Solution File, Format Version 12.00
# Visual Studio Version 16
VisualStudioVersion = 16.0.30621.155
MinimumVisualStudioVersion = 10.0.40219.1
Project("{FAE04EC0-301F-11D3-BF4B-00C04F79EFBC}") = "Catstagram.Server", "Catstagram.Server\Catstagram.Server.csproj", "{DFDBF055-8210-4DC7-8EA7-B0877CFCCCAE}"
EndProject
Global
	GlobalSection(SolutionConfigurationPlatforms) = preSolution
		Debug|Any CPU = Debug|Any CPU
		Release|Any CPU = Release|Any CPU
	EndGlobalSection
	GlobalSection(ProjectConfigurationPlatforms) = postSolution
		{DFDBF055-8210-4DC7-8EA7-B0877CFCCCAE}.Debug|Any CPU.ActiveCfg = Debug|Any CPU
		{DFDBF055-8210-4DC7-8EA7-B0877CFCCCAE}.Debug|Any CPU.Build.0 = Debug|Any CPU
		{DFDBF055-8210-4DC7-8EA7-B0877CFCCCAE}.Release|Any CPU.ActiveCfg = Release|Any CPU
		{DFDBF055-8210-4DC7-8EA7-B0877CFCCCAE}.Release|Any CPU.Build.0 = Release|Any CPU
	EndGlobalSection
	GlobalSection(SolutionProperties) = preSolution
		HideSolutionNode = FALSE
	EndGlobalSection
	GlobalSection(ExtensibilityGlobals) = postSolution
		SolutionGuid = {429C206C-E290-44F5-B27D-F72B9E8BBA12}
	EndGlobalSection
EndGlobal
